
Microsoft Visual Studio Solution File, Format Version 12.00
# Visual Studio Version 17
VisualStudioVersion = 17.0.32002.185
MinimumVisualStudioVersion = 10.0.40219.1
Project("{2150E333-8FDC-42A3-9474-1A3956D46DE8}") = "Solution Items", "Solution Items", "{CCC0070E-E444-42B2-84F7-EE999ADA0750}"
	ProjectSection(SolutionItems) = preProject
		.gitignore = .gitignore
		README.md = README.md
	EndProjectSection
EndProject
Project("{2150E333-8FDC-42A3-9474-1A3956D46DE8}") = "build", "build", "{D2A95EF6-DE13-4070-B359-CC6F6FD49A07}"
	ProjectSection(SolutionItems) = preProject
		build\00-common.linq = build\00-common.linq
		build\01-build-native.linq = build\01-build-native.linq
		build\02-build-packages.linq = build\02-build-packages.linq
		build\03-publish-proget.linq = build\03-publish-proget.linq
		build\04-publish-nuget.linq = build\04-publish-nuget.linq
		build\icon.jpg = build\icon.jpg
		build\Sdcb.PaddleInference.runtime.nuspec = build\Sdcb.PaddleInference.runtime.nuspec
		build\Sdcb.PaddleInference.runtime.props = build\Sdcb.PaddleInference.runtime.props
		build\win64\Sdcb.PaddleInference.runtime.win64.mkl.nuspec = build\win64\Sdcb.PaddleInference.runtime.win64.mkl.nuspec
		build\win64\Sdcb.PaddleInference.runtime.win64.mkl.props = build\win64\Sdcb.PaddleInference.runtime.win64.mkl.props
		build\test.linq = build\test.linq
	EndProjectSection
EndProject
Project("{2150E333-8FDC-42A3-9474-1A3956D46DE8}") = "src", "src", "{B3A59318-2F90-40D4-B995-7D56EB8C50F0}"
EndProject
Project("{9A19103F-16F7-4668-BE54-9A1E7A4F7556}") = "Sdcb.PaddleInference", "src\Sdcb.PaddleInference\Sdcb.PaddleInference.csproj", "{BCD42B48-62DF-4E44-8F43-08371A0FC567}"
EndProject
Project("{9A19103F-16F7-4668-BE54-9A1E7A4F7556}") = "Sdcb.PaddleOCR", "src\Sdcb.PaddleOCR\Sdcb.PaddleOCR.csproj", "{A80CAB18-32B8-4E2E-B639-F7285C4C8559}"
EndProject
Project("{9A19103F-16F7-4668-BE54-9A1E7A4F7556}") = "Sdcb.PaddleOCR.KnownModels", "src\Sdcb.PaddleOCR.KnownModels\Sdcb.PaddleOCR.KnownModels.csproj", "{5998A9C2-F7F8-4623-8FCF-315B7FE6EB1E}"
EndProject
Global
	GlobalSection(SolutionConfigurationPlatforms) = preSolution
		Debug|Any CPU = Debug|Any CPU
		Release|Any CPU = Release|Any CPU
	EndGlobalSection
	GlobalSection(ProjectConfigurationPlatforms) = postSolution
		{BCD42B48-62DF-4E44-8F43-08371A0FC567}.Debug|Any CPU.ActiveCfg = Debug|Any CPU
		{BCD42B48-62DF-4E44-8F43-08371A0FC567}.Debug|Any CPU.Build.0 = Debug|Any CPU
		{BCD42B48-62DF-4E44-8F43-08371A0FC567}.Release|Any CPU.ActiveCfg = Release|Any CPU
		{BCD42B48-62DF-4E44-8F43-08371A0FC567}.Release|Any CPU.Build.0 = Release|Any CPU
		{A80CAB18-32B8-4E2E-B639-F7285C4C8559}.Debug|Any CPU.ActiveCfg = Debug|Any CPU
		{A80CAB18-32B8-4E2E-B639-F7285C4C8559}.Debug|Any CPU.Build.0 = Debug|Any CPU
		{A80CAB18-32B8-4E2E-B639-F7285C4C8559}.Release|Any CPU.ActiveCfg = Release|Any CPU
		{A80CAB18-32B8-4E2E-B639-F7285C4C8559}.Release|Any CPU.Build.0 = Release|Any CPU
		{5998A9C2-F7F8-4623-8FCF-315B7FE6EB1E}.Debug|Any CPU.ActiveCfg = Debug|Any CPU
		{5998A9C2-F7F8-4623-8FCF-315B7FE6EB1E}.Debug|Any CPU.Build.0 = Debug|Any CPU
		{5998A9C2-F7F8-4623-8FCF-315B7FE6EB1E}.Release|Any CPU.ActiveCfg = Release|Any CPU
		{5998A9C2-F7F8-4623-8FCF-315B7FE6EB1E}.Release|Any CPU.Build.0 = Release|Any CPU
	EndGlobalSection
	GlobalSection(SolutionProperties) = preSolution
		HideSolutionNode = FALSE
	EndGlobalSection
	GlobalSection(NestedProjects) = preSolution
		{BCD42B48-62DF-4E44-8F43-08371A0FC567} = {B3A59318-2F90-40D4-B995-7D56EB8C50F0}
		{A80CAB18-32B8-4E2E-B639-F7285C4C8559} = {B3A59318-2F90-40D4-B995-7D56EB8C50F0}
		{5998A9C2-F7F8-4623-8FCF-315B7FE6EB1E} = {B3A59318-2F90-40D4-B995-7D56EB8C50F0}
	EndGlobalSection
	GlobalSection(ExtensibilityGlobals) = postSolution
		SolutionGuid = {083C9A35-8781-4D12-8146-B08E4A61DA8E}
	EndGlobalSection
EndGlobal
