
Microsoft Visual Studio Solution File, Format Version 12.00
# Visual Studio Version 17
VisualStudioVersion = 17.0.32002.185
MinimumVisualStudioVersion = 10.0.40219.1
Project("{2150E333-8FDC-42A3-9474-1A3956D46DE8}") = "Solution Items", "Solution Items", "{CCC0070E-E444-42B2-84F7-EE999ADA0750}"
	ProjectSection(SolutionItems) = preProject
		.editorconfig = .editorconfig
		.gitignore = .gitignore
		README.md = README.md
		testEnvironments.json = testEnvironments.json
	EndProjectSection
EndProject
Project("{2150E333-8FDC-42A3-9474-1A3956D46DE8}") = "build", "build", "{D2A95EF6-DE13-4070-B359-CC6F6FD49A07}"
	ProjectSection(SolutionItems) = preProject
		build\00-common.linq = build\00-common.linq
		build\01-build-native.linq = build\01-build-native.linq
		build\02-build-packages.linq = build\02-build-packages.linq
		build\03-publish-proget-nuget.linq = build\03-publish-proget-nuget.linq
		build\04-chatgpt-parse-code.linq = build\04-chatgpt-parse-code.linq
		build\icon.jpg = build\icon.jpg
		build\oneapi.png = build\oneapi.png
		build\onnxruntime.png = build\onnxruntime.png
		build\Sdcb.Mkldnn.runtime.nuspec = build\Sdcb.Mkldnn.runtime.nuspec
		build\Sdcb.Onnx.runtime.nuspec = build\Sdcb.Onnx.runtime.nuspec
		build\Sdcb.Paddle2Onnx.runtime.nuspec = build\Sdcb.Paddle2Onnx.runtime.nuspec
		build\Sdcb.PaddleInference.runtime.nuspec = build\Sdcb.PaddleInference.runtime.nuspec
		build\test.linq = build\test.linq
	EndProjectSection
EndProject
Project("{2150E333-8FDC-42A3-9474-1A3956D46DE8}") = "src", "src", "{B3A59318-2F90-40D4-B995-7D56EB8C50F0}"
EndProject
Project("{9A19103F-16F7-4668-BE54-9A1E7A4F7556}") = "Sdcb.PaddleInference", "src\Sdcb.PaddleInference\Sdcb.PaddleInference.csproj", "{BCD42B48-62DF-4E44-8F43-08371A0FC567}"
EndProject
Project("{9A19103F-16F7-4668-BE54-9A1E7A4F7556}") = "Sdcb.PaddleOCR", "src\Sdcb.PaddleOCR\Sdcb.PaddleOCR.csproj", "{A80CAB18-32B8-4E2E-B639-F7285C4C8559}"
EndProject
Project("{9A19103F-16F7-4668-BE54-9A1E7A4F7556}") = "Sdcb.PaddleDetection", "src\Sdcb.PaddleDetection\Sdcb.PaddleDetection.csproj", "{3C7FF86D-81F2-4675-B41E-B3B36E744F62}"
EndProject
Project("{2150E333-8FDC-42A3-9474-1A3956D46DE8}") = "github-workflows", "github-workflows", "{6921A5C2-A45B-48D7-BA1B-EAF1A5E1A1EB}"
	ProjectSection(SolutionItems) = preProject
		.github\workflows\build-linux-container.yml = .github\workflows\build-linux-container.yml
		.github\workflows\main.yml = .github\workflows\main.yml
	EndProjectSection
EndProject
Project("{2150E333-8FDC-42A3-9474-1A3956D46DE8}") = "docker", "docker", "{3C8D6738-0E9A-4BDD-AB62-26B854B055F9}"
EndProject
Project("{9A19103F-16F7-4668-BE54-9A1E7A4F7556}") = "Sdcb.PaddleOCR.Tests", "tests\Sdcb.PaddleOCR.Tests\Sdcb.PaddleOCR.Tests.csproj", "{4FA38A15-304E-4AFA-85DC-6C5DD87C4DFD}"
EndProject
Project("{2150E333-8FDC-42A3-9474-1A3956D46DE8}") = "tests", "tests", "{CA2A775C-763B-4B69-AC5B-4F90DD668E4A}"
EndProject
Project("{2150E333-8FDC-42A3-9474-1A3956D46DE8}") = "dotnet6-paddle", "dotnet6-paddle", "{ACED3A78-4E04-421F-AC15-2B91192382CE}"
	ProjectSection(SolutionItems) = preProject
		build\docker\dotnet6-paddle\Dockerfile = build\docker\dotnet6-paddle\Dockerfile
	EndProjectSection
EndProject
Project("{2150E333-8FDC-42A3-9474-1A3956D46DE8}") = "dotnet6sdk-paddle", "dotnet6sdk-paddle", "{C6C02ED4-7411-43D3-B326-358CBC9BEF02}"
	ProjectSection(SolutionItems) = preProject
		build\docker\dotnet6sdk-paddle\Dockerfile = build\docker\dotnet6sdk-paddle\Dockerfile
	EndProjectSection
EndProject
Project("{9A19103F-16F7-4668-BE54-9A1E7A4F7556}") = "Sdcb.PaddleOCR.Models.Online", "src\Sdcb.PaddleOCR.Models.Online\Sdcb.PaddleOCR.Models.Online.csproj", "{E996BEA0-C552-4A31-8DC2-DED4B97648FF}"
EndProject
Project("{9A19103F-16F7-4668-BE54-9A1E7A4F7556}") = "Sdcb.PaddleOCR.Models.LocalV3", "src\Sdcb.PaddleOCR.Models.LocalV3\Sdcb.PaddleOCR.Models.LocalV3.csproj", "{06475814-73FA-4C45-BCD0-4F64849A5612}"
EndProject
Project("{9A19103F-16F7-4668-BE54-9A1E7A4F7556}") = "Sdcb.RotationDetector", "src\Sdcb.RotationDetector\Sdcb.RotationDetector.csproj", "{69BF0B03-E1FE-4CF8-97A5-40E32B758E1A}"
EndProject
Project("{9A19103F-16F7-4668-BE54-9A1E7A4F7556}") = "Sdcb.RotationDetector.Tests", "tests\Sdcb.RotationDetector.Tests\Sdcb.RotationDetector.Tests.csproj", "{6EE2E06A-0C0D-4BAE-8830-1E43D8B5FD3A}"
EndProject
Project("{2150E333-8FDC-42A3-9474-1A3956D46DE8}") = "docs", "docs", "{026E4A25-94D0-4143-A1CD-39FF2F1E24A6}"
	ProjectSection(SolutionItems) = preProject
		docs\detection.md = docs\detection.md
		docs\ocr.md = docs\ocr.md
		docs\rotation-detection.md = docs\rotation-detection.md
	EndProjectSection
EndProject
Project("{9A19103F-16F7-4668-BE54-9A1E7A4F7556}") = "Sdcb.PaddleInference.Tests", "tests\Sdcb.PaddleInference.Tests\Sdcb.PaddleInference.Tests.csproj", "{F0962D28-49F5-4A50-9CB4-8F25E0436230}"
EndProject
Project("{FAE04EC0-301F-11D3-BF4B-00C04F79EFBC}") = "Sdcb.Paddle2Onnx", "src\Sdcb.Paddle2Onnx\Sdcb.Paddle2Onnx.csproj", "{1F5298BA-FB77-4863-A457-51A1659D76E6}"
EndProject
Project("{FAE04EC0-301F-11D3-BF4B-00C04F79EFBC}") = "Sdcb.Paddle2Onnx.Tests", "tests\Sdcb.Paddle2Onnx.Tests\Sdcb.Paddle2Onnx.Tests.csproj", "{0432D4F5-1F7E-4A6E-A6DC-4A04C0F8E497}"
EndProject
Global
	GlobalSection(SolutionConfigurationPlatforms) = preSolution
		Debug|Any CPU = Debug|Any CPU
		Release|Any CPU = Release|Any CPU
	EndGlobalSection
	GlobalSection(ProjectConfigurationPlatforms) = postSolution
		{BCD42B48-62DF-4E44-8F43-08371A0FC567}.Debug|Any CPU.ActiveCfg = Debug|Any CPU
		{BCD42B48-62DF-4E44-8F43-08371A0FC567}.Debug|Any CPU.Build.0 = Debug|Any CPU
		{BCD42B48-62DF-4E44-8F43-08371A0FC567}.Release|Any CPU.ActiveCfg = Release|Any CPU
		{BCD42B48-62DF-4E44-8F43-08371A0FC567}.Release|Any CPU.Build.0 = Release|Any CPU
		{A80CAB18-32B8-4E2E-B639-F7285C4C8559}.Debug|Any CPU.ActiveCfg = Debug|Any CPU
		{A80CAB18-32B8-4E2E-B639-F7285C4C8559}.Debug|Any CPU.Build.0 = Debug|Any CPU
		{A80CAB18-32B8-4E2E-B639-F7285C4C8559}.Release|Any CPU.ActiveCfg = Release|Any CPU
		{A80CAB18-32B8-4E2E-B639-F7285C4C8559}.Release|Any CPU.Build.0 = Release|Any CPU
		{3C7FF86D-81F2-4675-B41E-B3B36E744F62}.Debug|Any CPU.ActiveCfg = Debug|Any CPU
		{3C7FF86D-81F2-4675-B41E-B3B36E744F62}.Debug|Any CPU.Build.0 = Debug|Any CPU
		{3C7FF86D-81F2-4675-B41E-B3B36E744F62}.Release|Any CPU.ActiveCfg = Release|Any CPU
		{3C7FF86D-81F2-4675-B41E-B3B36E744F62}.Release|Any CPU.Build.0 = Release|Any CPU
		{4FA38A15-304E-4AFA-85DC-6C5DD87C4DFD}.Debug|Any CPU.ActiveCfg = Debug|Any CPU
		{4FA38A15-304E-4AFA-85DC-6C5DD87C4DFD}.Debug|Any CPU.Build.0 = Debug|Any CPU
		{4FA38A15-304E-4AFA-85DC-6C5DD87C4DFD}.Release|Any CPU.ActiveCfg = Release|Any CPU
		{4FA38A15-304E-4AFA-85DC-6C5DD87C4DFD}.Release|Any CPU.Build.0 = Release|Any CPU
		{E996BEA0-C552-4A31-8DC2-DED4B97648FF}.Debug|Any CPU.ActiveCfg = Debug|Any CPU
		{E996BEA0-C552-4A31-8DC2-DED4B97648FF}.Debug|Any CPU.Build.0 = Debug|Any CPU
		{E996BEA0-C552-4A31-8DC2-DED4B97648FF}.Release|Any CPU.ActiveCfg = Release|Any CPU
		{E996BEA0-C552-4A31-8DC2-DED4B97648FF}.Release|Any CPU.Build.0 = Release|Any CPU
		{06475814-73FA-4C45-BCD0-4F64849A5612}.Debug|Any CPU.ActiveCfg = Debug|Any CPU
		{06475814-73FA-4C45-BCD0-4F64849A5612}.Debug|Any CPU.Build.0 = Debug|Any CPU
		{06475814-73FA-4C45-BCD0-4F64849A5612}.Release|Any CPU.ActiveCfg = Release|Any CPU
		{06475814-73FA-4C45-BCD0-4F64849A5612}.Release|Any CPU.Build.0 = Release|Any CPU
		{69BF0B03-E1FE-4CF8-97A5-40E32B758E1A}.Debug|Any CPU.ActiveCfg = Debug|Any CPU
		{69BF0B03-E1FE-4CF8-97A5-40E32B758E1A}.Debug|Any CPU.Build.0 = Debug|Any CPU
		{69BF0B03-E1FE-4CF8-97A5-40E32B758E1A}.Release|Any CPU.ActiveCfg = Release|Any CPU
		{69BF0B03-E1FE-4CF8-97A5-40E32B758E1A}.Release|Any CPU.Build.0 = Release|Any CPU
		{6EE2E06A-0C0D-4BAE-8830-1E43D8B5FD3A}.Debug|Any CPU.ActiveCfg = Debug|Any CPU
		{6EE2E06A-0C0D-4BAE-8830-1E43D8B5FD3A}.Debug|Any CPU.Build.0 = Debug|Any CPU
		{6EE2E06A-0C0D-4BAE-8830-1E43D8B5FD3A}.Release|Any CPU.ActiveCfg = Release|Any CPU
		{6EE2E06A-0C0D-4BAE-8830-1E43D8B5FD3A}.Release|Any CPU.Build.0 = Release|Any CPU
		{F0962D28-49F5-4A50-9CB4-8F25E0436230}.Debug|Any CPU.ActiveCfg = Debug|Any CPU
		{F0962D28-49F5-4A50-9CB4-8F25E0436230}.Debug|Any CPU.Build.0 = Debug|Any CPU
		{F0962D28-49F5-4A50-9CB4-8F25E0436230}.Release|Any CPU.ActiveCfg = Release|Any CPU
		{F0962D28-49F5-4A50-9CB4-8F25E0436230}.Release|Any CPU.Build.0 = Release|Any CPU
		{1F5298BA-FB77-4863-A457-51A1659D76E6}.Debug|Any CPU.ActiveCfg = Debug|Any CPU
		{1F5298BA-FB77-4863-A457-51A1659D76E6}.Debug|Any CPU.Build.0 = Debug|Any CPU
		{1F5298BA-FB77-4863-A457-51A1659D76E6}.Release|Any CPU.ActiveCfg = Release|Any CPU
		{1F5298BA-FB77-4863-A457-51A1659D76E6}.Release|Any CPU.Build.0 = Release|Any CPU
		{0432D4F5-1F7E-4A6E-A6DC-4A04C0F8E497}.Debug|Any CPU.ActiveCfg = Debug|Any CPU
		{0432D4F5-1F7E-4A6E-A6DC-4A04C0F8E497}.Debug|Any CPU.Build.0 = Debug|Any CPU
		{0432D4F5-1F7E-4A6E-A6DC-4A04C0F8E497}.Release|Any CPU.ActiveCfg = Release|Any CPU
		{0432D4F5-1F7E-4A6E-A6DC-4A04C0F8E497}.Release|Any CPU.Build.0 = Release|Any CPU
	EndGlobalSection
	GlobalSection(SolutionProperties) = preSolution
		HideSolutionNode = FALSE
	EndGlobalSection
	GlobalSection(NestedProjects) = preSolution
		{BCD42B48-62DF-4E44-8F43-08371A0FC567} = {B3A59318-2F90-40D4-B995-7D56EB8C50F0}
		{A80CAB18-32B8-4E2E-B639-F7285C4C8559} = {B3A59318-2F90-40D4-B995-7D56EB8C50F0}
		{3C7FF86D-81F2-4675-B41E-B3B36E744F62} = {B3A59318-2F90-40D4-B995-7D56EB8C50F0}
		{6921A5C2-A45B-48D7-BA1B-EAF1A5E1A1EB} = {D2A95EF6-DE13-4070-B359-CC6F6FD49A07}
		{3C8D6738-0E9A-4BDD-AB62-26B854B055F9} = {D2A95EF6-DE13-4070-B359-CC6F6FD49A07}
		{4FA38A15-304E-4AFA-85DC-6C5DD87C4DFD} = {CA2A775C-763B-4B69-AC5B-4F90DD668E4A}
		{ACED3A78-4E04-421F-AC15-2B91192382CE} = {3C8D6738-0E9A-4BDD-AB62-26B854B055F9}
		{C6C02ED4-7411-43D3-B326-358CBC9BEF02} = {3C8D6738-0E9A-4BDD-AB62-26B854B055F9}
		{E996BEA0-C552-4A31-8DC2-DED4B97648FF} = {B3A59318-2F90-40D4-B995-7D56EB8C50F0}
		{06475814-73FA-4C45-BCD0-4F64849A5612} = {B3A59318-2F90-40D4-B995-7D56EB8C50F0}
		{69BF0B03-E1FE-4CF8-97A5-40E32B758E1A} = {B3A59318-2F90-40D4-B995-7D56EB8C50F0}
		{6EE2E06A-0C0D-4BAE-8830-1E43D8B5FD3A} = {CA2A775C-763B-4B69-AC5B-4F90DD668E4A}
		{026E4A25-94D0-4143-A1CD-39FF2F1E24A6} = {CCC0070E-E444-42B2-84F7-EE999ADA0750}
		{F0962D28-49F5-4A50-9CB4-8F25E0436230} = {CA2A775C-763B-4B69-AC5B-4F90DD668E4A}
		{1F5298BA-FB77-4863-A457-51A1659D76E6} = {B3A59318-2F90-40D4-B995-7D56EB8C50F0}
		{0432D4F5-1F7E-4A6E-A6DC-4A04C0F8E497} = {CA2A775C-763B-4B69-AC5B-4F90DD668E4A}
	EndGlobalSection
	GlobalSection(ExtensibilityGlobals) = postSolution
		SolutionGuid = {083C9A35-8781-4D12-8146-B08E4A61DA8E}
	EndGlobalSection
EndGlobal
